
Microsoft Visual Studio Solution File, Format Version 12.00
# Visual Studio Version 17
VisualStudioVersion = 17.9.34728.123
MinimumVisualStudioVersion = 10.0.40219.1
Project("{2150E333-8FDC-42A3-9474-1A3956D46DE8}") = "OP", "OP", "{08B1EDCC-155A-4631-9B0F-1513DBCED5F9}"
EndProject
Project("{FAE04EC0-301F-11D3-BF4B-00C04F79EFBC}") = "Lab01_01", "OP\Lab01_01\Lab01_01.csproj", "{9A58E51F-19A6-40F0-AFA1-6988AB66B470}"
EndProject
Project("{FAE04EC0-301F-11D3-BF4B-00C04F79EFBC}") = "Lab01_02", "OP\Lab01_02\Lab01_02.csproj", "{8C5E9018-1799-46B4-836B-5757E3B846AF}"
EndProject
Project("{FAE04EC0-301F-11D3-BF4B-00C04F79EFBC}") = "Lab01_03", "OP\Lab01_03\Lab01_03.csproj", "{6FD4505D-6469-4351-9D44-5C0AAB182678}"
EndProject
Project("{FAE04EC0-301F-11D3-BF4B-00C04F79EFBC}") = "Lab02_01", "OP\Lab02_01\Lab02_01.csproj", "{60571E64-42BC-4D57-9FEF-37900062A6FE}"
EndProject
Project("{FAE04EC0-301F-11D3-BF4B-00C04F79EFBC}") = "Lab02_02", "OP\Lab02_02\Lab02_02.csproj", "{D439A876-9491-47D8-BF0C-5D7F1959410D}"
EndProject
Project("{FAE04EC0-301F-11D3-BF4B-00C04F79EFBC}") = "Lab02_03", "OP\Lab02_03\Lab02_03.csproj", "{23E12B55-0962-4323-BF22-3B2AABA6862F}"
EndProject
Project("{FAE04EC0-301F-11D3-BF4B-00C04F79EFBC}") = "Lab02_04", "OP\Lab02_04\Lab02_04.csproj", "{04C7423C-1544-4702-A1D0-CB355486AA19}"
EndProject
Project("{9A19103F-16F7-4668-BE54-9A1E7A4F7556}") = "lab8_1", "OP\lab8_1\lab8_1.csproj", "{73303126-9C90-4C6A-8580-E797175364F5}"
EndProject
Project("{9A19103F-16F7-4668-BE54-9A1E7A4F7556}") = "Lab10_01", "OP\Lab10_01\Lab10_01.csproj", "{93F96A58-9FC5-417E-BE47-DF411C544078}"
EndProject
Project("{9A19103F-16F7-4668-BE54-9A1E7A4F7556}") = "Lab10_03", "OP\Lab10_03\Lab10_03.csproj", "{5C8E6DF4-B60B-438E-ABE0-5206A598DC7D}"
EndProject
Project("{9A19103F-16F7-4668-BE54-9A1E7A4F7556}") = "Lab8_02", "OP\Lab8_02\Lab8_02.csproj", "{E5FD58B8-E9E7-42A0-803F-9E22AC664031}"
EndProject
Project("{9A19103F-16F7-4668-BE54-9A1E7A4F7556}") = "Lab09_01", "OP\Lab09_01\Lab09_01.csproj", "{0A40264D-0766-4340-8F35-5AF0449D1448}"
EndProject
Project("{9A19103F-16F7-4668-BE54-9A1E7A4F7556}") = "Lab09_02", "OP\Lab09_02\Lab09_02.csproj", "{2CD2183A-48C7-4D6C-9498-54DDB517DC20}"
EndProject
Project("{9A19103F-16F7-4668-BE54-9A1E7A4F7556}") = "Lab09_03", "OP\Lab09_03\Lab09_03.csproj", "{215DBE9B-CAC4-493C-BA63-9ECBE4547374}"
EndProject
Project("{9A19103F-16F7-4668-BE54-9A1E7A4F7556}") = "Lab10_02", "OP\Lab10_02\Lab10_02.csproj", "{C2B5B58B-453C-463E-9B30-53A041E71EAA}"
EndProject
Project("{9A19103F-16F7-4668-BE54-9A1E7A4F7556}") = "Lab10_03_", "OP\Lab10_03_\Lab10_03_.csproj", "{60E64E49-B113-4D06-BD7B-6D677DED8A68}"
EndProject
Project("{9A19103F-16F7-4668-BE54-9A1E7A4F7556}") = "Lab11_01", "OP\Lab11_01\Lab11_01.csproj", "{7D6BD1D3-64E9-43F6-8409-94A41117782A}"
EndProject
Project("{9A19103F-16F7-4668-BE54-9A1E7A4F7556}") = "Lab11_02", "OP\Lab11_02\Lab11_02.csproj", "{8092CAFA-D203-4AC1-9517-7D8966F2E9E6}"
EndProject
Project("{9A19103F-16F7-4668-BE54-9A1E7A4F7556}") = "Lab11_03", "OP\Lab11_03\Lab11_03.csproj", "{1B923E5E-AAB1-4A9F-84AC-D886FDF67DCC}"
EndProject
Project("{9A19103F-16F7-4668-BE54-9A1E7A4F7556}") = "Lab11_04", "OP\Lab11_04\Lab11_04.csproj", "{39270EB0-280C-4E5F-A4F1-74D53BE1EF1B}"
EndProject
Project("{9A19103F-16F7-4668-BE54-9A1E7A4F7556}") = "Lab12_01", "OP\Lab12_01\Lab12_01.csproj", "{A94A34AE-D773-4208-A96A-A759A77EC23D}"
EndProject
Project("{9A19103F-16F7-4668-BE54-9A1E7A4F7556}") = "Lab12_04", "OP\Lab12_04\Lab12_04.csproj", "{F12A600C-258A-460D-BB6A-E8293FF5BC7E}"
EndProject
Project("{9A19103F-16F7-4668-BE54-9A1E7A4F7556}") = "Lab13_01", "OP\Lab13_01\Lab13_01.csproj", "{3777DFF7-D965-4FEC-B1F8-90BF19CB3D41}"
EndProject
Project("{9A19103F-16F7-4668-BE54-9A1E7A4F7556}") = "Lab14_02", "OP\Lab14_02\Lab14_02.csproj", "{697B22B9-9B6E-4071-BF75-4057A1417446}"
EndProject
Project("{9A19103F-16F7-4668-BE54-9A1E7A4F7556}") = "Lab12_03", "OP\Lab12_03\Lab12_03.csproj", "{8A4E89A8-1AA1-4CA4-B520-FEC6E82730EA}"
EndProject
Project("{9A19103F-16F7-4668-BE54-9A1E7A4F7556}") = "Lab13_02", "OP\Lab13_02\Lab13_02.csproj", "{3CAE676D-DEC8-49C6-ACC9-AD545CC999E8}"
EndProject
Project("{9A19103F-16F7-4668-BE54-9A1E7A4F7556}") = "Lab13_03", "OP\Lab13_03\Lab13_03.csproj", "{5A94C58A-1D16-4E3E-8DE4-5B65F4BAF8FD}"
EndProject
Project("{9A19103F-16F7-4668-BE54-9A1E7A4F7556}") = "Lab13_04", "OP\Lab13_04\Lab13_04.csproj", "{56B1D690-195D-4CE1-B7EA-6F846629F9EC}"
EndProject
Project("{9A19103F-16F7-4668-BE54-9A1E7A4F7556}") = "Lab14_01", "OP\Lab14_01\Lab14_01.csproj", "{53ECF268-08FC-4380-AFE3-8336CE6818D6}"
EndProject
Project("{9A19103F-16F7-4668-BE54-9A1E7A4F7556}") = "Lab14_03", "OP\Lab14_03\Lab14_03.csproj", "{DFA5B8A2-559B-415B-891D-95DAC866565D}"
EndProject
Project("{9A19103F-16F7-4668-BE54-9A1E7A4F7556}") = "Lab15_01", "OP\Lab15_01\Lab15_01.csproj", "{EAE52B08-D7D9-4C38-896B-0BA609FEC773}"
EndProject
Project("{9A19103F-16F7-4668-BE54-9A1E7A4F7556}") = "Lab15_02", "OP\Lab15_02\Lab15_02.csproj", "{DB5B3667-1821-4344-BA18-CD22884799EC}"
EndProject
Project("{FAE04EC0-301F-11D3-BF4B-00C04F79EFBC}") = "OP", "OP\OP\OP.csproj", "{7790D33E-AA2F-43D0-8BEE-7256B1748DFD}"
EndProject
Project("{FAE04EC0-301F-11D3-BF4B-00C04F79EFBC}") = "Lab16_01", "OP\Lab16_01\Lab16_01.csproj", "{2EB53668-F281-4C5F-8576-E51C87A64833}"
EndProject
Project("{FAE04EC0-301F-11D3-BF4B-00C04F79EFBC}") = "Lab16_02", "OP\Lab16_02\Lab16_02.csproj", "{382B93D4-77CE-4393-B466-44ACA53916D6}"
EndProject
Project("{FAE04EC0-301F-11D3-BF4B-00C04F79EFBC}") = "Lab16_03", "OP\Lab16_03\Lab16_03.csproj", "{067D72A0-176E-4177-A36D-17DB68BA0D00}"
EndProject
Project("{FAE04EC0-301F-11D3-BF4B-00C04F79EFBC}") = "Lab17_01", "OP\Lab17_01\Lab17_01.csproj", "{0633DD25-C293-4365-B666-195336FDD2D5}"
EndProject
Project("{FAE04EC0-301F-11D3-BF4B-00C04F79EFBC}") = "Lab17_02", "OP\Lab17_02\Lab17_02.csproj", "{985E87CB-0AD7-42AF-97A9-654DF2057C9C}"
EndProject
Project("{FAE04EC0-301F-11D3-BF4B-00C04F79EFBC}") = "Lab17_03", "OP\Lab17_03\Lab17_03.csproj", "{797BB0BF-BB39-4893-8BD0-861148CB345F}"
EndProject
Project("{FAE04EC0-301F-11D3-BF4B-00C04F79EFBC}") = "Lab17_04", "OP\Lab17_04\Lab17_04.csproj", "{E128570F-26A0-4A5A-BBD7-2818A0CE3AA1}"
EndProject
Project("{FAE04EC0-301F-11D3-BF4B-00C04F79EFBC}") = "Lab18_02", "OP\Lab18_02\Lab18_02.csproj", "{36B3ECDE-D0EE-457A-B45A-227811A3911D}"
EndProject
Project("{FAE04EC0-301F-11D3-BF4B-00C04F79EFBC}") = "Lab18_03", "OP\Lab18_03\Lab18_03.csproj", "{601667AC-39AD-41BC-8D62-02E05E899978}"
EndProject
Global
	GlobalSection(SolutionConfigurationPlatforms) = preSolution
		Debug|Any CPU = Debug|Any CPU
		Release|Any CPU = Release|Any CPU
	EndGlobalSection
	GlobalSection(ProjectConfigurationPlatforms) = postSolution
		{9A58E51F-19A6-40F0-AFA1-6988AB66B470}.Debug|Any CPU.ActiveCfg = Debug|Any CPU
		{9A58E51F-19A6-40F0-AFA1-6988AB66B470}.Debug|Any CPU.Build.0 = Debug|Any CPU
		{9A58E51F-19A6-40F0-AFA1-6988AB66B470}.Release|Any CPU.ActiveCfg = Release|Any CPU
		{9A58E51F-19A6-40F0-AFA1-6988AB66B470}.Release|Any CPU.Build.0 = Release|Any CPU
		{8C5E9018-1799-46B4-836B-5757E3B846AF}.Debug|Any CPU.ActiveCfg = Debug|Any CPU
		{8C5E9018-1799-46B4-836B-5757E3B846AF}.Debug|Any CPU.Build.0 = Debug|Any CPU
		{8C5E9018-1799-46B4-836B-5757E3B846AF}.Release|Any CPU.ActiveCfg = Release|Any CPU
		{8C5E9018-1799-46B4-836B-5757E3B846AF}.Release|Any CPU.Build.0 = Release|Any CPU
		{6FD4505D-6469-4351-9D44-5C0AAB182678}.Debug|Any CPU.ActiveCfg = Debug|Any CPU
		{6FD4505D-6469-4351-9D44-5C0AAB182678}.Debug|Any CPU.Build.0 = Debug|Any CPU
		{6FD4505D-6469-4351-9D44-5C0AAB182678}.Release|Any CPU.ActiveCfg = Release|Any CPU
		{6FD4505D-6469-4351-9D44-5C0AAB182678}.Release|Any CPU.Build.0 = Release|Any CPU
		{60571E64-42BC-4D57-9FEF-37900062A6FE}.Debug|Any CPU.ActiveCfg = Debug|Any CPU
		{60571E64-42BC-4D57-9FEF-37900062A6FE}.Debug|Any CPU.Build.0 = Debug|Any CPU
		{60571E64-42BC-4D57-9FEF-37900062A6FE}.Release|Any CPU.ActiveCfg = Release|Any CPU
		{60571E64-42BC-4D57-9FEF-37900062A6FE}.Release|Any CPU.Build.0 = Release|Any CPU
		{D439A876-9491-47D8-BF0C-5D7F1959410D}.Debug|Any CPU.ActiveCfg = Debug|Any CPU
		{D439A876-9491-47D8-BF0C-5D7F1959410D}.Debug|Any CPU.Build.0 = Debug|Any CPU
		{D439A876-9491-47D8-BF0C-5D7F1959410D}.Release|Any CPU.ActiveCfg = Release|Any CPU
		{D439A876-9491-47D8-BF0C-5D7F1959410D}.Release|Any CPU.Build.0 = Release|Any CPU
		{23E12B55-0962-4323-BF22-3B2AABA6862F}.Debug|Any CPU.ActiveCfg = Debug|Any CPU
		{23E12B55-0962-4323-BF22-3B2AABA6862F}.Debug|Any CPU.Build.0 = Debug|Any CPU
		{23E12B55-0962-4323-BF22-3B2AABA6862F}.Release|Any CPU.ActiveCfg = Release|Any CPU
		{23E12B55-0962-4323-BF22-3B2AABA6862F}.Release|Any CPU.Build.0 = Release|Any CPU
		{04C7423C-1544-4702-A1D0-CB355486AA19}.Debug|Any CPU.ActiveCfg = Debug|Any CPU
		{04C7423C-1544-4702-A1D0-CB355486AA19}.Debug|Any CPU.Build.0 = Debug|Any CPU
		{04C7423C-1544-4702-A1D0-CB355486AA19}.Release|Any CPU.ActiveCfg = Release|Any CPU
		{04C7423C-1544-4702-A1D0-CB355486AA19}.Release|Any CPU.Build.0 = Release|Any CPU
		{73303126-9C90-4C6A-8580-E797175364F5}.Debug|Any CPU.ActiveCfg = Debug|Any CPU
		{73303126-9C90-4C6A-8580-E797175364F5}.Debug|Any CPU.Build.0 = Debug|Any CPU
		{73303126-9C90-4C6A-8580-E797175364F5}.Release|Any CPU.ActiveCfg = Release|Any CPU
		{73303126-9C90-4C6A-8580-E797175364F5}.Release|Any CPU.Build.0 = Release|Any CPU
		{93F96A58-9FC5-417E-BE47-DF411C544078}.Debug|Any CPU.ActiveCfg = Debug|Any CPU
		{93F96A58-9FC5-417E-BE47-DF411C544078}.Debug|Any CPU.Build.0 = Debug|Any CPU
		{93F96A58-9FC5-417E-BE47-DF411C544078}.Release|Any CPU.ActiveCfg = Release|Any CPU
		{93F96A58-9FC5-417E-BE47-DF411C544078}.Release|Any CPU.Build.0 = Release|Any CPU
		{5C8E6DF4-B60B-438E-ABE0-5206A598DC7D}.Debug|Any CPU.ActiveCfg = Debug|Any CPU
		{5C8E6DF4-B60B-438E-ABE0-5206A598DC7D}.Debug|Any CPU.Build.0 = Debug|Any CPU
		{5C8E6DF4-B60B-438E-ABE0-5206A598DC7D}.Release|Any CPU.ActiveCfg = Release|Any CPU
		{5C8E6DF4-B60B-438E-ABE0-5206A598DC7D}.Release|Any CPU.Build.0 = Release|Any CPU
		{E5FD58B8-E9E7-42A0-803F-9E22AC664031}.Debug|Any CPU.ActiveCfg = Debug|Any CPU
		{E5FD58B8-E9E7-42A0-803F-9E22AC664031}.Debug|Any CPU.Build.0 = Debug|Any CPU
		{E5FD58B8-E9E7-42A0-803F-9E22AC664031}.Release|Any CPU.ActiveCfg = Release|Any CPU
		{E5FD58B8-E9E7-42A0-803F-9E22AC664031}.Release|Any CPU.Build.0 = Release|Any CPU
		{0A40264D-0766-4340-8F35-5AF0449D1448}.Debug|Any CPU.ActiveCfg = Debug|Any CPU
		{0A40264D-0766-4340-8F35-5AF0449D1448}.Debug|Any CPU.Build.0 = Debug|Any CPU
		{0A40264D-0766-4340-8F35-5AF0449D1448}.Release|Any CPU.ActiveCfg = Release|Any CPU
		{0A40264D-0766-4340-8F35-5AF0449D1448}.Release|Any CPU.Build.0 = Release|Any CPU
		{2CD2183A-48C7-4D6C-9498-54DDB517DC20}.Debug|Any CPU.ActiveCfg = Debug|Any CPU
		{2CD2183A-48C7-4D6C-9498-54DDB517DC20}.Debug|Any CPU.Build.0 = Debug|Any CPU
		{2CD2183A-48C7-4D6C-9498-54DDB517DC20}.Release|Any CPU.ActiveCfg = Release|Any CPU
		{2CD2183A-48C7-4D6C-9498-54DDB517DC20}.Release|Any CPU.Build.0 = Release|Any CPU
		{215DBE9B-CAC4-493C-BA63-9ECBE4547374}.Debug|Any CPU.ActiveCfg = Debug|Any CPU
		{215DBE9B-CAC4-493C-BA63-9ECBE4547374}.Debug|Any CPU.Build.0 = Debug|Any CPU
		{215DBE9B-CAC4-493C-BA63-9ECBE4547374}.Release|Any CPU.ActiveCfg = Release|Any CPU
		{215DBE9B-CAC4-493C-BA63-9ECBE4547374}.Release|Any CPU.Build.0 = Release|Any CPU
		{C2B5B58B-453C-463E-9B30-53A041E71EAA}.Debug|Any CPU.ActiveCfg = Debug|Any CPU
		{C2B5B58B-453C-463E-9B30-53A041E71EAA}.Debug|Any CPU.Build.0 = Debug|Any CPU
		{C2B5B58B-453C-463E-9B30-53A041E71EAA}.Release|Any CPU.ActiveCfg = Release|Any CPU
		{C2B5B58B-453C-463E-9B30-53A041E71EAA}.Release|Any CPU.Build.0 = Release|Any CPU
		{60E64E49-B113-4D06-BD7B-6D677DED8A68}.Debug|Any CPU.ActiveCfg = Debug|Any CPU
		{60E64E49-B113-4D06-BD7B-6D677DED8A68}.Debug|Any CPU.Build.0 = Debug|Any CPU
		{60E64E49-B113-4D06-BD7B-6D677DED8A68}.Release|Any CPU.ActiveCfg = Release|Any CPU
		{60E64E49-B113-4D06-BD7B-6D677DED8A68}.Release|Any CPU.Build.0 = Release|Any CPU
		{7D6BD1D3-64E9-43F6-8409-94A41117782A}.Debug|Any CPU.ActiveCfg = Debug|Any CPU
		{7D6BD1D3-64E9-43F6-8409-94A41117782A}.Debug|Any CPU.Build.0 = Debug|Any CPU
		{7D6BD1D3-64E9-43F6-8409-94A41117782A}.Release|Any CPU.ActiveCfg = Release|Any CPU
		{7D6BD1D3-64E9-43F6-8409-94A41117782A}.Release|Any CPU.Build.0 = Release|Any CPU
		{8092CAFA-D203-4AC1-9517-7D8966F2E9E6}.Debug|Any CPU.ActiveCfg = Debug|Any CPU
		{8092CAFA-D203-4AC1-9517-7D8966F2E9E6}.Debug|Any CPU.Build.0 = Debug|Any CPU
		{8092CAFA-D203-4AC1-9517-7D8966F2E9E6}.Release|Any CPU.ActiveCfg = Release|Any CPU
		{8092CAFA-D203-4AC1-9517-7D8966F2E9E6}.Release|Any CPU.Build.0 = Release|Any CPU
		{1B923E5E-AAB1-4A9F-84AC-D886FDF67DCC}.Debug|Any CPU.ActiveCfg = Debug|Any CPU
		{1B923E5E-AAB1-4A9F-84AC-D886FDF67DCC}.Debug|Any CPU.Build.0 = Debug|Any CPU
		{1B923E5E-AAB1-4A9F-84AC-D886FDF67DCC}.Release|Any CPU.ActiveCfg = Release|Any CPU
		{1B923E5E-AAB1-4A9F-84AC-D886FDF67DCC}.Release|Any CPU.Build.0 = Release|Any CPU
		{39270EB0-280C-4E5F-A4F1-74D53BE1EF1B}.Debug|Any CPU.ActiveCfg = Debug|Any CPU
		{39270EB0-280C-4E5F-A4F1-74D53BE1EF1B}.Debug|Any CPU.Build.0 = Debug|Any CPU
		{39270EB0-280C-4E5F-A4F1-74D53BE1EF1B}.Release|Any CPU.ActiveCfg = Release|Any CPU
		{39270EB0-280C-4E5F-A4F1-74D53BE1EF1B}.Release|Any CPU.Build.0 = Release|Any CPU
		{A94A34AE-D773-4208-A96A-A759A77EC23D}.Debug|Any CPU.ActiveCfg = Debug|Any CPU
		{A94A34AE-D773-4208-A96A-A759A77EC23D}.Debug|Any CPU.Build.0 = Debug|Any CPU
		{A94A34AE-D773-4208-A96A-A759A77EC23D}.Release|Any CPU.ActiveCfg = Release|Any CPU
		{A94A34AE-D773-4208-A96A-A759A77EC23D}.Release|Any CPU.Build.0 = Release|Any CPU
		{F12A600C-258A-460D-BB6A-E8293FF5BC7E}.Debug|Any CPU.ActiveCfg = Debug|Any CPU
		{F12A600C-258A-460D-BB6A-E8293FF5BC7E}.Debug|Any CPU.Build.0 = Debug|Any CPU
		{F12A600C-258A-460D-BB6A-E8293FF5BC7E}.Release|Any CPU.ActiveCfg = Release|Any CPU
		{F12A600C-258A-460D-BB6A-E8293FF5BC7E}.Release|Any CPU.Build.0 = Release|Any CPU
		{3777DFF7-D965-4FEC-B1F8-90BF19CB3D41}.Debug|Any CPU.ActiveCfg = Debug|Any CPU
		{3777DFF7-D965-4FEC-B1F8-90BF19CB3D41}.Debug|Any CPU.Build.0 = Debug|Any CPU
		{3777DFF7-D965-4FEC-B1F8-90BF19CB3D41}.Release|Any CPU.ActiveCfg = Release|Any CPU
		{3777DFF7-D965-4FEC-B1F8-90BF19CB3D41}.Release|Any CPU.Build.0 = Release|Any CPU
		{697B22B9-9B6E-4071-BF75-4057A1417446}.Debug|Any CPU.ActiveCfg = Debug|Any CPU
		{697B22B9-9B6E-4071-BF75-4057A1417446}.Debug|Any CPU.Build.0 = Debug|Any CPU
		{697B22B9-9B6E-4071-BF75-4057A1417446}.Release|Any CPU.ActiveCfg = Release|Any CPU
		{697B22B9-9B6E-4071-BF75-4057A1417446}.Release|Any CPU.Build.0 = Release|Any CPU
		{8A4E89A8-1AA1-4CA4-B520-FEC6E82730EA}.Debug|Any CPU.ActiveCfg = Debug|Any CPU
		{8A4E89A8-1AA1-4CA4-B520-FEC6E82730EA}.Debug|Any CPU.Build.0 = Debug|Any CPU
		{8A4E89A8-1AA1-4CA4-B520-FEC6E82730EA}.Release|Any CPU.ActiveCfg = Release|Any CPU
		{8A4E89A8-1AA1-4CA4-B520-FEC6E82730EA}.Release|Any CPU.Build.0 = Release|Any CPU
		{3CAE676D-DEC8-49C6-ACC9-AD545CC999E8}.Debug|Any CPU.ActiveCfg = Debug|Any CPU
		{3CAE676D-DEC8-49C6-ACC9-AD545CC999E8}.Debug|Any CPU.Build.0 = Debug|Any CPU
		{3CAE676D-DEC8-49C6-ACC9-AD545CC999E8}.Release|Any CPU.ActiveCfg = Release|Any CPU
		{3CAE676D-DEC8-49C6-ACC9-AD545CC999E8}.Release|Any CPU.Build.0 = Release|Any CPU
		{5A94C58A-1D16-4E3E-8DE4-5B65F4BAF8FD}.Debug|Any CPU.ActiveCfg = Debug|Any CPU
		{5A94C58A-1D16-4E3E-8DE4-5B65F4BAF8FD}.Debug|Any CPU.Build.0 = Debug|Any CPU
		{5A94C58A-1D16-4E3E-8DE4-5B65F4BAF8FD}.Release|Any CPU.ActiveCfg = Release|Any CPU
		{5A94C58A-1D16-4E3E-8DE4-5B65F4BAF8FD}.Release|Any CPU.Build.0 = Release|Any CPU
		{56B1D690-195D-4CE1-B7EA-6F846629F9EC}.Debug|Any CPU.ActiveCfg = Debug|Any CPU
		{56B1D690-195D-4CE1-B7EA-6F846629F9EC}.Debug|Any CPU.Build.0 = Debug|Any CPU
		{56B1D690-195D-4CE1-B7EA-6F846629F9EC}.Release|Any CPU.ActiveCfg = Release|Any CPU
		{56B1D690-195D-4CE1-B7EA-6F846629F9EC}.Release|Any CPU.Build.0 = Release|Any CPU
		{53ECF268-08FC-4380-AFE3-8336CE6818D6}.Debug|Any CPU.ActiveCfg = Debug|Any CPU
		{53ECF268-08FC-4380-AFE3-8336CE6818D6}.Debug|Any CPU.Build.0 = Debug|Any CPU
		{53ECF268-08FC-4380-AFE3-8336CE6818D6}.Release|Any CPU.ActiveCfg = Release|Any CPU
		{53ECF268-08FC-4380-AFE3-8336CE6818D6}.Release|Any CPU.Build.0 = Release|Any CPU
		{DFA5B8A2-559B-415B-891D-95DAC866565D}.Debug|Any CPU.ActiveCfg = Debug|Any CPU
		{DFA5B8A2-559B-415B-891D-95DAC866565D}.Debug|Any CPU.Build.0 = Debug|Any CPU
		{DFA5B8A2-559B-415B-891D-95DAC866565D}.Release|Any CPU.ActiveCfg = Release|Any CPU
		{DFA5B8A2-559B-415B-891D-95DAC866565D}.Release|Any CPU.Build.0 = Release|Any CPU
		{EAE52B08-D7D9-4C38-896B-0BA609FEC773}.Debug|Any CPU.ActiveCfg = Debug|Any CPU
		{EAE52B08-D7D9-4C38-896B-0BA609FEC773}.Debug|Any CPU.Build.0 = Debug|Any CPU
		{EAE52B08-D7D9-4C38-896B-0BA609FEC773}.Release|Any CPU.ActiveCfg = Release|Any CPU
		{EAE52B08-D7D9-4C38-896B-0BA609FEC773}.Release|Any CPU.Build.0 = Release|Any CPU
		{DB5B3667-1821-4344-BA18-CD22884799EC}.Debug|Any CPU.ActiveCfg = Debug|Any CPU
		{DB5B3667-1821-4344-BA18-CD22884799EC}.Debug|Any CPU.Build.0 = Debug|Any CPU
		{DB5B3667-1821-4344-BA18-CD22884799EC}.Release|Any CPU.ActiveCfg = Release|Any CPU
		{DB5B3667-1821-4344-BA18-CD22884799EC}.Release|Any CPU.Build.0 = Release|Any CPU
		{7790D33E-AA2F-43D0-8BEE-7256B1748DFD}.Debug|Any CPU.ActiveCfg = Debug|Any CPU
		{7790D33E-AA2F-43D0-8BEE-7256B1748DFD}.Debug|Any CPU.Build.0 = Debug|Any CPU
		{7790D33E-AA2F-43D0-8BEE-7256B1748DFD}.Release|Any CPU.ActiveCfg = Release|Any CPU
		{7790D33E-AA2F-43D0-8BEE-7256B1748DFD}.Release|Any CPU.Build.0 = Release|Any CPU
		{2EB53668-F281-4C5F-8576-E51C87A64833}.Debug|Any CPU.ActiveCfg = Debug|Any CPU
		{2EB53668-F281-4C5F-8576-E51C87A64833}.Debug|Any CPU.Build.0 = Debug|Any CPU
		{2EB53668-F281-4C5F-8576-E51C87A64833}.Release|Any CPU.ActiveCfg = Release|Any CPU
		{2EB53668-F281-4C5F-8576-E51C87A64833}.Release|Any CPU.Build.0 = Release|Any CPU
		{382B93D4-77CE-4393-B466-44ACA53916D6}.Debug|Any CPU.ActiveCfg = Debug|Any CPU
		{382B93D4-77CE-4393-B466-44ACA53916D6}.Debug|Any CPU.Build.0 = Debug|Any CPU
		{382B93D4-77CE-4393-B466-44ACA53916D6}.Release|Any CPU.ActiveCfg = Release|Any CPU
		{382B93D4-77CE-4393-B466-44ACA53916D6}.Release|Any CPU.Build.0 = Release|Any CPU
		{067D72A0-176E-4177-A36D-17DB68BA0D00}.Debug|Any CPU.ActiveCfg = Debug|Any CPU
		{067D72A0-176E-4177-A36D-17DB68BA0D00}.Debug|Any CPU.Build.0 = Debug|Any CPU
		{067D72A0-176E-4177-A36D-17DB68BA0D00}.Release|Any CPU.ActiveCfg = Release|Any CPU
		{067D72A0-176E-4177-A36D-17DB68BA0D00}.Release|Any CPU.Build.0 = Release|Any CPU
		{0633DD25-C293-4365-B666-195336FDD2D5}.Debug|Any CPU.ActiveCfg = Debug|Any CPU
		{0633DD25-C293-4365-B666-195336FDD2D5}.Debug|Any CPU.Build.0 = Debug|Any CPU
		{0633DD25-C293-4365-B666-195336FDD2D5}.Release|Any CPU.ActiveCfg = Release|Any CPU
		{0633DD25-C293-4365-B666-195336FDD2D5}.Release|Any CPU.Build.0 = Release|Any CPU
		{985E87CB-0AD7-42AF-97A9-654DF2057C9C}.Debug|Any CPU.ActiveCfg = Debug|Any CPU
		{985E87CB-0AD7-42AF-97A9-654DF2057C9C}.Debug|Any CPU.Build.0 = Debug|Any CPU
		{985E87CB-0AD7-42AF-97A9-654DF2057C9C}.Release|Any CPU.ActiveCfg = Release|Any CPU
		{985E87CB-0AD7-42AF-97A9-654DF2057C9C}.Release|Any CPU.Build.0 = Release|Any CPU
		{797BB0BF-BB39-4893-8BD0-861148CB345F}.Debug|Any CPU.ActiveCfg = Debug|Any CPU
		{797BB0BF-BB39-4893-8BD0-861148CB345F}.Debug|Any CPU.Build.0 = Debug|Any CPU
		{797BB0BF-BB39-4893-8BD0-861148CB345F}.Release|Any CPU.ActiveCfg = Release|Any CPU
		{797BB0BF-BB39-4893-8BD0-861148CB345F}.Release|Any CPU.Build.0 = Release|Any CPU
		{E128570F-26A0-4A5A-BBD7-2818A0CE3AA1}.Debug|Any CPU.ActiveCfg = Debug|Any CPU
		{E128570F-26A0-4A5A-BBD7-2818A0CE3AA1}.Debug|Any CPU.Build.0 = Debug|Any CPU
		{E128570F-26A0-4A5A-BBD7-2818A0CE3AA1}.Release|Any CPU.ActiveCfg = Release|Any CPU
		{E128570F-26A0-4A5A-BBD7-2818A0CE3AA1}.Release|Any CPU.Build.0 = Release|Any CPU
		{36B3ECDE-D0EE-457A-B45A-227811A3911D}.Debug|Any CPU.ActiveCfg = Debug|Any CPU
		{36B3ECDE-D0EE-457A-B45A-227811A3911D}.Debug|Any CPU.Build.0 = Debug|Any CPU
		{36B3ECDE-D0EE-457A-B45A-227811A3911D}.Release|Any CPU.ActiveCfg = Release|Any CPU
		{36B3ECDE-D0EE-457A-B45A-227811A3911D}.Release|Any CPU.Build.0 = Release|Any CPU
		{601667AC-39AD-41BC-8D62-02E05E899978}.Debug|Any CPU.ActiveCfg = Debug|Any CPU
		{601667AC-39AD-41BC-8D62-02E05E899978}.Debug|Any CPU.Build.0 = Debug|Any CPU
		{601667AC-39AD-41BC-8D62-02E05E899978}.Release|Any CPU.ActiveCfg = Release|Any CPU
		{601667AC-39AD-41BC-8D62-02E05E899978}.Release|Any CPU.Build.0 = Release|Any CPU
	EndGlobalSection
	GlobalSection(SolutionProperties) = preSolution
		HideSolutionNode = FALSE
	EndGlobalSection
	GlobalSection(NestedProjects) = preSolution
		{9A58E51F-19A6-40F0-AFA1-6988AB66B470} = {08B1EDCC-155A-4631-9B0F-1513DBCED5F9}
		{8C5E9018-1799-46B4-836B-5757E3B846AF} = {08B1EDCC-155A-4631-9B0F-1513DBCED5F9}
		{6FD4505D-6469-4351-9D44-5C0AAB182678} = {08B1EDCC-155A-4631-9B0F-1513DBCED5F9}
		{60571E64-42BC-4D57-9FEF-37900062A6FE} = {08B1EDCC-155A-4631-9B0F-1513DBCED5F9}
		{D439A876-9491-47D8-BF0C-5D7F1959410D} = {08B1EDCC-155A-4631-9B0F-1513DBCED5F9}
		{23E12B55-0962-4323-BF22-3B2AABA6862F} = {08B1EDCC-155A-4631-9B0F-1513DBCED5F9}
		{04C7423C-1544-4702-A1D0-CB355486AA19} = {08B1EDCC-155A-4631-9B0F-1513DBCED5F9}
		{93F96A58-9FC5-417E-BE47-DF411C544078} = {08B1EDCC-155A-4631-9B0F-1513DBCED5F9}
		{5C8E6DF4-B60B-438E-ABE0-5206A598DC7D} = {08B1EDCC-155A-4631-9B0F-1513DBCED5F9}
		{E5FD58B8-E9E7-42A0-803F-9E22AC664031} = {08B1EDCC-155A-4631-9B0F-1513DBCED5F9}
		{0A40264D-0766-4340-8F35-5AF0449D1448} = {08B1EDCC-155A-4631-9B0F-1513DBCED5F9}
		{2CD2183A-48C7-4D6C-9498-54DDB517DC20} = {08B1EDCC-155A-4631-9B0F-1513DBCED5F9}
		{215DBE9B-CAC4-493C-BA63-9ECBE4547374} = {08B1EDCC-155A-4631-9B0F-1513DBCED5F9}
		{C2B5B58B-453C-463E-9B30-53A041E71EAA} = {08B1EDCC-155A-4631-9B0F-1513DBCED5F9}
		{60E64E49-B113-4D06-BD7B-6D677DED8A68} = {08B1EDCC-155A-4631-9B0F-1513DBCED5F9}
		{7D6BD1D3-64E9-43F6-8409-94A41117782A} = {08B1EDCC-155A-4631-9B0F-1513DBCED5F9}
		{8092CAFA-D203-4AC1-9517-7D8966F2E9E6} = {08B1EDCC-155A-4631-9B0F-1513DBCED5F9}
		{1B923E5E-AAB1-4A9F-84AC-D886FDF67DCC} = {08B1EDCC-155A-4631-9B0F-1513DBCED5F9}
		{39270EB0-280C-4E5F-A4F1-74D53BE1EF1B} = {08B1EDCC-155A-4631-9B0F-1513DBCED5F9}
		{A94A34AE-D773-4208-A96A-A759A77EC23D} = {08B1EDCC-155A-4631-9B0F-1513DBCED5F9}
		{F12A600C-258A-460D-BB6A-E8293FF5BC7E} = {08B1EDCC-155A-4631-9B0F-1513DBCED5F9}
		{3777DFF7-D965-4FEC-B1F8-90BF19CB3D41} = {08B1EDCC-155A-4631-9B0F-1513DBCED5F9}
		{697B22B9-9B6E-4071-BF75-4057A1417446} = {08B1EDCC-155A-4631-9B0F-1513DBCED5F9}
		{8A4E89A8-1AA1-4CA4-B520-FEC6E82730EA} = {08B1EDCC-155A-4631-9B0F-1513DBCED5F9}
		{3CAE676D-DEC8-49C6-ACC9-AD545CC999E8} = {08B1EDCC-155A-4631-9B0F-1513DBCED5F9}
		{5A94C58A-1D16-4E3E-8DE4-5B65F4BAF8FD} = {08B1EDCC-155A-4631-9B0F-1513DBCED5F9}
		{56B1D690-195D-4CE1-B7EA-6F846629F9EC} = {08B1EDCC-155A-4631-9B0F-1513DBCED5F9}
		{53ECF268-08FC-4380-AFE3-8336CE6818D6} = {08B1EDCC-155A-4631-9B0F-1513DBCED5F9}
		{DFA5B8A2-559B-415B-891D-95DAC866565D} = {08B1EDCC-155A-4631-9B0F-1513DBCED5F9}
		{EAE52B08-D7D9-4C38-896B-0BA609FEC773} = {08B1EDCC-155A-4631-9B0F-1513DBCED5F9}
		{DB5B3667-1821-4344-BA18-CD22884799EC} = {08B1EDCC-155A-4631-9B0F-1513DBCED5F9}
		{7790D33E-AA2F-43D0-8BEE-7256B1748DFD} = {08B1EDCC-155A-4631-9B0F-1513DBCED5F9}
		{2EB53668-F281-4C5F-8576-E51C87A64833} = {08B1EDCC-155A-4631-9B0F-1513DBCED5F9}
		{382B93D4-77CE-4393-B466-44ACA53916D6} = {08B1EDCC-155A-4631-9B0F-1513DBCED5F9}
		{067D72A0-176E-4177-A36D-17DB68BA0D00} = {08B1EDCC-155A-4631-9B0F-1513DBCED5F9}
		{0633DD25-C293-4365-B666-195336FDD2D5} = {08B1EDCC-155A-4631-9B0F-1513DBCED5F9}
		{985E87CB-0AD7-42AF-97A9-654DF2057C9C} = {08B1EDCC-155A-4631-9B0F-1513DBCED5F9}
		{797BB0BF-BB39-4893-8BD0-861148CB345F} = {08B1EDCC-155A-4631-9B0F-1513DBCED5F9}
		{E128570F-26A0-4A5A-BBD7-2818A0CE3AA1} = {08B1EDCC-155A-4631-9B0F-1513DBCED5F9}
		{36B3ECDE-D0EE-457A-B45A-227811A3911D} = {08B1EDCC-155A-4631-9B0F-1513DBCED5F9}
		{601667AC-39AD-41BC-8D62-02E05E899978} = {08B1EDCC-155A-4631-9B0F-1513DBCED5F9}
	EndGlobalSection
	GlobalSection(ExtensibilityGlobals) = postSolution
		SolutionGuid = {A49152C1-46A3-4C06-9948-F66C2694642E}
	EndGlobalSection
EndGlobal
